
Microsoft Visual Studio Solution File, Format Version 11.00
# Visual Studio 2010
Project("{8BC9CEB8-8B4A-11D0-8D11-00A0C91BC942}") = "Laba1_sem1", "Laba1_sem1\Laba1_sem1.vcxproj", "{9CB4A93C-1A84-4296-9D18-FDF476907763}"
EndProject
Global
	GlobalSection(SolutionConfigurationPlatforms) = preSolution
		Debug|Win32 = Debug|Win32
		Release|Win32 = Release|Win32
	EndGlobalSection
	GlobalSection(ProjectConfigurationPlatforms) = postSolution
		{9CB4A93C-1A84-4296-9D18-FDF476907763}.Debug|Win32.ActiveCfg = Debug|Win32
		{9CB4A93C-1A84-4296-9D18-FDF476907763}.Debug|Win32.Build.0 = Debug|Win32
		{9CB4A93C-1A84-4296-9D18-FDF476907763}.Release|Win32.ActiveCfg = Release|Win32
		{9CB4A93C-1A84-4296-9D18-FDF476907763}.Release|Win32.Build.0 = Release|Win32
	EndGlobalSection
	GlobalSection(SolutionProperties) = preSolution
		HideSolutionNode = FALSE
	EndGlobalSection
EndGlobal
