
Microsoft Visual Studio Solution File, Format Version 11.00
# Visual Studio 2010
Project("{8BC9CEB8-8B4A-11D0-8D11-00A0C91BC942}") = "Test", "Test\Test.vcxproj", "{268EB726-26D1-4179-80AA-B33834425CEC}"
EndProject
Global
	GlobalSection(SolutionConfigurationPlatforms) = preSolution
		Debug|Win32 = Debug|Win32
		Release|Win32 = Release|Win32
	EndGlobalSection
	GlobalSection(ProjectConfigurationPlatforms) = postSolution
		{268EB726-26D1-4179-80AA-B33834425CEC}.Debug|Win32.ActiveCfg = Debug|Win32
		{268EB726-26D1-4179-80AA-B33834425CEC}.Debug|Win32.Build.0 = Debug|Win32
		{268EB726-26D1-4179-80AA-B33834425CEC}.Release|Win32.ActiveCfg = Release|Win32
		{268EB726-26D1-4179-80AA-B33834425CEC}.Release|Win32.Build.0 = Release|Win32
	EndGlobalSection
	GlobalSection(SolutionProperties) = preSolution
		HideSolutionNode = FALSE
	EndGlobalSection
EndGlobal
